<?xml version="1.0" encoding="utf-8"?>
<Project ToolsVersion="12.0" xmlns="http://schemas.microsoft.com/developer/msbuild/2003">
  <ItemGroup>
    <CustomBuild Include="\code\free-cad-code\Source\Repos\code\CMakeFiles\862ac0082e1cf76b16065bfe3ac653df\Init.py.rule" />
    <CustomBuild Include="\code\free-cad-code\Source\Repos\code\CMakeFiles\862ac0082e1cf76b16065bfe3ac653df\InitGui.py.rule" />
    <CustomBuild Include="\code\free-cad-code\Source\Repos\code\CMakeFiles\862ac0082e1cf76b16065bfe3ac653df\Draft.py.rule" />
    <CustomBuild Include="\code\free-cad-code\Source\Repos\code\CMakeFiles\862ac0082e1cf76b16065bfe3ac653df\DraftTools.py.rule" />
    <CustomBuild Include="\code\free-cad-code\Source\Repos\code\CMakeFiles\862ac0082e1cf76b16065bfe3ac653df\DraftGui.py.rule" />
    <CustomBuild Include="\code\free-cad-code\Source\Repos\code\CMakeFiles\862ac0082e1cf76b16065bfe3ac653df\DraftSnap.py.rule" />
    <CustomBuild Include="\code\free-cad-code\Source\Repos\code\CMakeFiles\862ac0082e1cf76b16065bfe3ac653df\DraftTrackers.py.rule" />
    <CustomBuild Include="\code\free-cad-code\Source\Repos\code\CMakeFiles\862ac0082e1cf76b16065bfe3ac653df\DraftVecUtils.py.rule" />
    <CustomBuild Include="\code\free-cad-code\Source\Repos\code\CMakeFiles\862ac0082e1cf76b16065bfe3ac653df\DraftGeomUtils.py.rule" />
    <CustomBuild Include="\code\free-cad-code\Source\Repos\code\CMakeFiles\862ac0082e1cf76b16065bfe3ac653df\WorkingPlane.py.rule" />
    <CustomBuild Include="\code\free-cad-code\Source\Repos\code\CMakeFiles\862ac0082e1cf76b16065bfe3ac653df\importDXF.py.rule" />
    <CustomBuild Include="\code\free-cad-code\Source\Repos\code\CMakeFiles\862ac0082e1cf76b16065bfe3ac653df\importOCA.py.rule" />
    <CustomBuild Include="\code\free-cad-code\Source\Repos\code\CMakeFiles\862ac0082e1cf76b16065bfe3ac653df\importSVG.py.rule" />
    <CustomBuild Include="\code\free-cad-code\Source\Repos\code\CMakeFiles\862ac0082e1cf76b16065bfe3ac653df\importDWG.py.rule" />
    <CustomBuild Include="\code\free-cad-code\Source\Repos\code\CMakeFiles\862ac0082e1cf76b16065bfe3ac653df\importAirfoilDAT.py.rule" />
    <CustomBuild Include="\code\free-cad-code\Source\Repos\code\CMakeFiles\862ac0082e1cf76b16065bfe3ac653df\TestDraft.py.rule" />
    <CustomBuild Include="$(FC_SOURCE)\Mod\Draft\Resources\Draft.qrc" />
    <CustomBuild Include="\code\free-cad-code\Source\Repos\code\CMakeFiles\862ac0082e1cf76b16065bfe3ac653df\Draft_rc.py.rule" />
  </ItemGroup>
  <ItemGroup>
    <None Include="$(FC_SOURCE)\Mod\Draft\Init.py" />
    <None Include="$(FC_SOURCE)\Mod\Draft\InitGui.py" />
    <None Include="$(FC_SOURCE)\Mod\Draft\Draft.py" />
    <None Include="$(FC_SOURCE)\Mod\Draft\DraftTools.py" />
    <None Include="$(FC_SOURCE)\Mod\Draft\DraftGui.py" />
    <None Include="$(FC_SOURCE)\Mod\Draft\DraftSnap.py" />
    <None Include="$(FC_SOURCE)\Mod\Draft\DraftTrackers.py" />
    <None Include="$(FC_SOURCE)\Mod\Draft\DraftVecUtils.py" />
    <None Include="$(FC_SOURCE)\Mod\Draft\DraftGeomUtils.py" />
    <None Include="$(FC_SOURCE)\Mod\Draft\WorkingPlane.py" />
    <None Include="$(FC_SOURCE)\Mod\Draft\importDXF.py" />
    <None Include="$(FC_SOURCE)\Mod\Draft\importOCA.py" />
    <None Include="$(FC_SOURCE)\Mod\Draft\importSVG.py" />
    <None Include="$(FC_SOURCE)\Mod\Draft\importDWG.py" />
    <None Include="$(FC_SOURCE)\Mod\Draft\importAirfoilDAT.py" />
    <None Include="$(FC_SOURCE)\Mod\Draft\TestDraft.py" />
    <None Include="$(FC_SOURCE)\Mod\Draft\Draft_rc.py" />
  </ItemGroup>
  <ItemGroup>
    <Filter Include="CMake Rules">
      <UniqueIdentifier>{5124C73C-630B-3F59-9DFC-D2C200992F06}</UniqueIdentifier>
    </Filter>
  </ItemGroup>
</Project>