<?xml version="1.0" encoding="utf-8"?>
<Project ToolsVersion="12.0" xmlns="http://schemas.microsoft.com/developer/msbuild/2003">
  <ItemGroup>
    <CustomBuild Include="\code\free-cad-code\Source\Repos\code\CMakeFiles\3ffb86a9ee126e384206cc0b7a795328\Init.py.rule" />
    <CustomBuild Include="\code\free-cad-code\Source\Repos\code\CMakeFiles\3ffb86a9ee126e384206cc0b7a795328\Idf.py.rule" />
    <CustomBuild Include="\code\free-cad-code\Source\Repos\code\CMakeFiles\c5a298aac99a1ffe447b3b443d8deddb\License.txt.rule" />
    <CustomBuild Include="\code\free-cad-code\Source\Repos\code\CMakeFiles\c5a298aac99a1ffe447b3b443d8deddb\0603_SMD.stp.rule" />
    <CustomBuild Include="\code\free-cad-code\Source\Repos\code\CMakeFiles\c5a298aac99a1ffe447b3b443d8deddb\0805_SMD.stp.rule" />
    <CustomBuild Include="\code\free-cad-code\Source\Repos\code\CMakeFiles\c5a298aac99a1ffe447b3b443d8deddb\1206_SMD.stp.rule" />
    <CustomBuild Include="\code\free-cad-code\Source\Repos\code\CMakeFiles\c5a298aac99a1ffe447b3b443d8deddb\1210_SMD.stp.rule" />
    <CustomBuild Include="\code\free-cad-code\Source\Repos\code\CMakeFiles\c5a298aac99a1ffe447b3b443d8deddb\1812_SMD.stp.rule" />
    <CustomBuild Include="\code\free-cad-code\Source\Repos\code\CMakeFiles\c5a298aac99a1ffe447b3b443d8deddb\2225_SMD.stp.rule" />
    <CustomBuild Include="\code\free-cad-code\Source\Repos\code\CMakeFiles\c5a298aac99a1ffe447b3b443d8deddb\2512_SMD.stp.rule" />
    <CustomBuild Include="\code\free-cad-code\Source\Repos\code\CMakeFiles\c5a298aac99a1ffe447b3b443d8deddb\CAP_50SGV_8_10.stp.rule" />
    <CustomBuild Include="\code\free-cad-code\Source\Repos\code\CMakeFiles\c5a298aac99a1ffe447b3b443d8deddb\EPL22_6_16.stp.rule" />
    <CustomBuild Include="\code\free-cad-code\Source\Repos\code\CMakeFiles\c5a298aac99a1ffe447b3b443d8deddb\footprints_models.csv.rule" />
    <CustomBuild Include="\code\free-cad-code\Source\Repos\code\CMakeFiles\c5a298aac99a1ffe447b3b443d8deddb\I22_2_5_16.stp.rule" />
    <CustomBuild Include="\code\free-cad-code\Source\Repos\code\CMakeFiles\c5a298aac99a1ffe447b3b443d8deddb\I22_2_5_16withEPL22_6_16.stp.rule" />
    <CustomBuild Include="\code\free-cad-code\Source\Repos\code\CMakeFiles\c5a298aac99a1ffe447b3b443d8deddb\MSOP_10.stp.rule" />
    <CustomBuild Include="\code\free-cad-code\Source\Repos\code\CMakeFiles\c5a298aac99a1ffe447b3b443d8deddb\RLF_12545.stp.rule" />
    <CustomBuild Include="\code\free-cad-code\Source\Repos\code\CMakeFiles\c5a298aac99a1ffe447b3b443d8deddb\RLF_7030.stp.rule" />
    <CustomBuild Include="\code\free-cad-code\Source\Repos\code\CMakeFiles\c5a298aac99a1ffe447b3b443d8deddb\SMB_DO_214AA.stp.rule" />
    <CustomBuild Include="\code\free-cad-code\Source\Repos\code\CMakeFiles\c5a298aac99a1ffe447b3b443d8deddb\SMC_DO_214AB.stp.rule" />
    <CustomBuild Include="\code\free-cad-code\Source\Repos\code\CMakeFiles\c5a298aac99a1ffe447b3b443d8deddb\SOD_323.igs.rule" />
    <CustomBuild Include="\code\free-cad-code\Source\Repos\code\CMakeFiles\c5a298aac99a1ffe447b3b443d8deddb\SOD_323.stp.rule" />
    <CustomBuild Include="\code\free-cad-code\Source\Repos\code\CMakeFiles\c5a298aac99a1ffe447b3b443d8deddb\SOD_523.stp.rule" />
    <CustomBuild Include="\code\free-cad-code\Source\Repos\code\CMakeFiles\c5a298aac99a1ffe447b3b443d8deddb\SOT23.stp.rule" />
    <CustomBuild Include="\code\free-cad-code\Source\Repos\code\CMakeFiles\c5a298aac99a1ffe447b3b443d8deddb\SOT404.stp.rule" />
    <CustomBuild Include="\code\free-cad-code\Source\Repos\code\CMakeFiles\c5a298aac99a1ffe447b3b443d8deddb\SOT428_DPAK.stp.rule" />
    <CustomBuild Include="\code\free-cad-code\Source\Repos\code\CMakeFiles\c5a298aac99a1ffe447b3b443d8deddb\SOT_323_3.stp.rule" />
    <CustomBuild Include="\code\free-cad-code\Source\Repos\code\CMakeFiles\c5a298aac99a1ffe447b3b443d8deddb\SOT_96.stp.rule" />
    <CustomBuild Include="\code\free-cad-code\Source\Repos\code\CMakeFiles\c5a298aac99a1ffe447b3b443d8deddb\TCMT1107_4.stp.rule" />
    <CustomBuild Include="\code\free-cad-code\Source\Repos\code\CMakeFiles\c5a298aac99a1ffe447b3b443d8deddb\TSM_103_01_L_DV_A.stp.rule" />
    <CustomBuild Include="\code\free-cad-code\Source\Repos\code\CMakeFiles\c5a298aac99a1ffe447b3b443d8deddb\TSM_104_01_L_DV_A.stp.rule" />
    <CustomBuild Include="\code\free-cad-code\Source\Repos\code\CMakeFiles\c5a298aac99a1ffe447b3b443d8deddb\TSS0P_8.stp.rule" />
    <CustomBuild Include="\code\free-cad-code\Source\Repos\code\CMakeFiles\c5a298aac99a1ffe447b3b443d8deddb\VC0603_SMD.stp.rule" />
    <CustomBuild Include="\code\free-cad-code\Source\Repos\code\CMakeFiles\c5a298aac99a1ffe447b3b443d8deddb\RLF_12545.igs.rule" />
    <CustomBuild Include="\code\free-cad-code\Source\Repos\code\CMakeFiles\c5a298aac99a1ffe447b3b443d8deddb\SOT23.igs.rule" />
    <CustomBuild Include="\code\free-cad-code\Source\Repos\code\CMakeFiles\c5a298aac99a1ffe447b3b443d8deddb\SOT404.igs.rule" />
  </ItemGroup>
  <ItemGroup>
    <None Include="$(FC_SOURCE)\Mod\Idf\Init.py" />
    <None Include="$(FC_SOURCE)\Mod\Idf\Idf.py" />
    <None Include="$(FC_SOURCE)\Mod\Idf\lib\License.txt" />
    <None Include="$(FC_SOURCE)\Mod\Idf\lib\0603_SMD.stp" />
    <None Include="$(FC_SOURCE)\Mod\Idf\lib\0805_SMD.stp" />
    <None Include="$(FC_SOURCE)\Mod\Idf\lib\1206_SMD.stp" />
    <None Include="$(FC_SOURCE)\Mod\Idf\lib\1210_SMD.stp" />
    <None Include="$(FC_SOURCE)\Mod\Idf\lib\1812_SMD.stp" />
    <None Include="$(FC_SOURCE)\Mod\Idf\lib\2225_SMD.stp" />
    <None Include="$(FC_SOURCE)\Mod\Idf\lib\2512_SMD.stp" />
    <None Include="$(FC_SOURCE)\Mod\Idf\lib\CAP_50SGV_8_10.stp" />
    <None Include="$(FC_SOURCE)\Mod\Idf\lib\EPL22_6_16.stp" />
    <None Include="$(FC_SOURCE)\Mod\Idf\lib\footprints_models.csv" />
    <None Include="$(FC_SOURCE)\Mod\Idf\lib\I22_2_5_16.stp" />
    <None Include="$(FC_SOURCE)\Mod\Idf\lib\I22_2_5_16withEPL22_6_16.stp" />
    <None Include="$(FC_SOURCE)\Mod\Idf\lib\MSOP_10.stp" />
    <None Include="$(FC_SOURCE)\Mod\Idf\lib\RLF_12545.stp" />
    <None Include="$(FC_SOURCE)\Mod\Idf\lib\RLF_7030.stp" />
    <None Include="$(FC_SOURCE)\Mod\Idf\lib\SMB_DO_214AA.stp" />
    <None Include="$(FC_SOURCE)\Mod\Idf\lib\SMC_DO_214AB.stp" />
    <None Include="$(FC_SOURCE)\Mod\Idf\lib\SOD_323.igs" />
    <None Include="$(FC_SOURCE)\Mod\Idf\lib\SOD_323.stp" />
    <None Include="$(FC_SOURCE)\Mod\Idf\lib\SOD_523.stp" />
    <None Include="$(FC_SOURCE)\Mod\Idf\lib\SOT23.stp" />
    <None Include="$(FC_SOURCE)\Mod\Idf\lib\SOT404.stp" />
    <None Include="$(FC_SOURCE)\Mod\Idf\lib\SOT428_DPAK.stp" />
    <None Include="$(FC_SOURCE)\Mod\Idf\lib\SOT_323_3.stp" />
    <None Include="$(FC_SOURCE)\Mod\Idf\lib\SOT_96.stp" />
    <None Include="$(FC_SOURCE)\Mod\Idf\lib\TCMT1107_4.stp" />
    <None Include="$(FC_SOURCE)\Mod\Idf\lib\TSM_103_01_L_DV_A.stp" />
    <None Include="$(FC_SOURCE)\Mod\Idf\lib\TSM_104_01_L_DV_A.stp" />
    <None Include="$(FC_SOURCE)\Mod\Idf\lib\TSS0P_8.stp" />
    <None Include="$(FC_SOURCE)\Mod\Idf\lib\VC0603_SMD.stp" />
    <None Include="$(FC_SOURCE)\Mod\Idf\lib\RLF_12545.igs" />
    <None Include="$(FC_SOURCE)\Mod\Idf\lib\SOT23.igs" />
    <None Include="$(FC_SOURCE)\Mod\Idf\lib\SOT404.igs" />
  </ItemGroup>
  <ItemGroup>
    <Filter Include="CMake Rules">
      <UniqueIdentifier>{5124C73C-630B-3F59-9DFC-D2C200992F06}</UniqueIdentifier>
    </Filter>
    <Filter Include="Idflibs">
      <UniqueIdentifier>{1C2D869F-69E4-36AF-9ABB-D7373C88F293}</UniqueIdentifier>
    </Filter>
  </ItemGroup>
</Project>