<?xml version="1.0" encoding="utf-8"?>
<Project ToolsVersion="12.0" xmlns="http://schemas.microsoft.com/developer/msbuild/2003">
  <ItemGroup>
    <ClCompile Include="$(FC_SOURCE)\Mod\Part\Gui\qrc_Part.cxx" />
    <ClCompile Include="$(FC_SOURCE)\Mod\Part\Gui\AppPartGui.cpp" />
    <ClCompile Include="$(FC_SOURCE)\Mod\Part\Gui\Command.cpp" />
    <ClCompile Include="$(FC_SOURCE)\Mod\Part\Gui\CommandSimple.cpp" />
    <ClCompile Include="$(FC_SOURCE)\Mod\Part\Gui\CommandParametric.cpp" />
    <ClCompile Include="$(FC_SOURCE)\Mod\Part\Gui\CrossSections.cpp" />
    <ClCompile Include="$(FC_SOURCE)\Mod\Part\Gui\Mirroring.cpp" />
    <ClCompile Include="$(FC_SOURCE)\Mod\Part\Gui\DlgBooleanOperation.cpp" />
    <ClCompile Include="$(FC_SOURCE)\Mod\Part\Gui\DlgExtrusion.cpp" />
    <ClCompile Include="$(FC_SOURCE)\Mod\Part\Gui\DlgFilletEdges.cpp" />
    <ClCompile Include="$(FC_SOURCE)\Mod\Part\Gui\DlgPartBoxImp.cpp" />
    <ClCompile Include="$(FC_SOURCE)\Mod\Part\Gui\DlgPartCylinderImp.cpp" />
    <ClCompile Include="$(FC_SOURCE)\Mod\Part\Gui\DlgPartImportIgesImp.cpp" />
    <ClCompile Include="$(FC_SOURCE)\Mod\Part\Gui\DlgPartImportStepImp.cpp" />
    <ClCompile Include="$(FC_SOURCE)\Mod\Part\Gui\DlgPrimitives.cpp" />
    <ClCompile Include="$(FC_SOURCE)\Mod\Part\Gui\DlgRevolution.cpp" />
    <ClCompile Include="$(FC_SOURCE)\Mod\Part\Gui\DlgSettings3DViewPartImp.cpp" />
    <ClCompile Include="$(FC_SOURCE)\Mod\Part\Gui\DlgSettingsGeneral.cpp" />
    <ClCompile Include="$(FC_SOURCE)\Mod\Part\Gui\DlgSettingsObjectColor.cpp" />
    <ClCompile Include="$(FC_SOURCE)\Mod\Part\Gui\PreCompiled.cpp" />
    <ClCompile Include="$(FC_SOURCE)\Mod\Part\Gui\SoFCShapeObject.cpp" />
    <ClCompile Include="$(FC_SOURCE)\Mod\Part\Gui\SoBrepEdgeSet.cpp" />
    <ClCompile Include="$(FC_SOURCE)\Mod\Part\Gui\SoBrepFaceSet.cpp" />
    <ClCompile Include="$(FC_SOURCE)\Mod\Part\Gui\SoBrepPointSet.cpp" />
    <ClCompile Include="$(FC_SOURCE)\Mod\Part\Gui\ViewProvider.cpp" />
    <ClCompile Include="$(FC_SOURCE)\Mod\Part\Gui\ViewProviderExt.cpp" />
    <ClCompile Include="$(FC_SOURCE)\Mod\Part\Gui\ViewProviderReference.cpp" />
    <ClCompile Include="$(FC_SOURCE)\Mod\Part\Gui\ViewProviderBox.cpp" />
    <ClCompile Include="$(FC_SOURCE)\Mod\Part\Gui\ViewProviderCompound.cpp" />
    <ClCompile Include="$(FC_SOURCE)\Mod\Part\Gui\ViewProviderCircleParametric.cpp" />
    <ClCompile Include="$(FC_SOURCE)\Mod\Part\Gui\ViewProviderLineParametric.cpp" />
    <ClCompile Include="$(FC_SOURCE)\Mod\Part\Gui\ViewProviderPointParametric.cpp" />
    <ClCompile Include="$(FC_SOURCE)\Mod\Part\Gui\ViewProviderEllipseParametric.cpp" />
    <ClCompile Include="$(FC_SOURCE)\Mod\Part\Gui\ViewProviderHelixParametric.cpp" />
    <ClCompile Include="$(FC_SOURCE)\Mod\Part\Gui\ViewProviderPlaneParametric.cpp" />
    <ClCompile Include="$(FC_SOURCE)\Mod\Part\Gui\ViewProviderSphereParametric.cpp" />
    <ClCompile Include="$(FC_SOURCE)\Mod\Part\Gui\ViewProviderCylinderParametric.cpp" />
    <ClCompile Include="$(FC_SOURCE)\Mod\Part\Gui\ViewProviderConeParametric.cpp" />
    <ClCompile Include="$(FC_SOURCE)\Mod\Part\Gui\ViewProviderPrism.cpp" />
    <ClCompile Include="$(FC_SOURCE)\Mod\Part\Gui\ViewProviderRegularPolygon.cpp" />
    <ClCompile Include="$(FC_SOURCE)\Mod\Part\Gui\ViewProviderTorusParametric.cpp" />
    <ClCompile Include="$(FC_SOURCE)\Mod\Part\Gui\ViewProviderCurveNet.cpp" />
    <ClCompile Include="$(FC_SOURCE)\Mod\Part\Gui\ViewProviderSpline.cpp" />
    <ClCompile Include="$(FC_SOURCE)\Mod\Part\Gui\ViewProviderImport.cpp" />
    <ClCompile Include="$(FC_SOURCE)\Mod\Part\Gui\ViewProviderExtrusion.cpp" />
    <ClCompile Include="$(FC_SOURCE)\Mod\Part\Gui\ViewProvider2DObject.cpp" />
    <ClCompile Include="$(FC_SOURCE)\Mod\Part\Gui\ViewProviderMirror.cpp" />
    <ClCompile Include="$(FC_SOURCE)\Mod\Part\Gui\ViewProviderPython.cpp" />
    <ClCompile Include="$(FC_SOURCE)\Mod\Part\Gui\ViewProviderBoolean.cpp" />
    <ClCompile Include="$(FC_SOURCE)\Mod\Part\Gui\ViewProviderRuledSurface.cpp" />
    <ClCompile Include="$(FC_SOURCE)\Mod\Part\Gui\Workbench.cpp" />
    <ClCompile Include="$(FC_SOURCE)\Mod\Part\Gui\TaskFaceColors.cpp" />
    <ClCompile Include="$(FC_SOURCE)\Mod\Part\Gui\TaskShapeBuilder.cpp" />
    <ClCompile Include="$(FC_SOURCE)\Mod\Part\Gui\TaskLoft.cpp" />
    <ClCompile Include="$(FC_SOURCE)\Mod\Part\Gui\TaskOffset.cpp" />
    <ClCompile Include="$(FC_SOURCE)\Mod\Part\Gui\TaskSweep.cpp" />
    <ClCompile Include="$(FC_SOURCE)\Mod\Part\Gui\TaskThickness.cpp" />
    <ClCompile Include="$(FC_SOURCE)\Mod\Part\Gui\TaskDimension.cpp" />
    <ClCompile Include="$(FC_SOURCE)\Mod\Part\Gui\TaskCheckGeometry.cpp" />
  </ItemGroup>
  <ItemGroup>
    <ClInclude Include="$(FC_SOURCE)\Mod\Part\Gui\ui_CrossSections.h" />
    <ClInclude Include="$(FC_SOURCE)\Mod\Part\Gui\ui_Mirroring.h" />
    <ClInclude Include="$(FC_SOURCE)\Mod\Part\Gui\ui_DlgBooleanOperation.h" />
    <ClInclude Include="$(FC_SOURCE)\Mod\Part\Gui\ui_DlgExtrusion.h" />
    <ClInclude Include="$(FC_SOURCE)\Mod\Part\Gui\ui_DlgFilletEdges.h" />
    <ClInclude Include="$(FC_SOURCE)\Mod\Part\Gui\ui_DlgImportExportIges.h" />
    <ClInclude Include="$(FC_SOURCE)\Mod\Part\Gui\ui_DlgImportExportStep.h" />
    <ClInclude Include="$(FC_SOURCE)\Mod\Part\Gui\ui_DlgPartBox.h" />
    <ClInclude Include="$(FC_SOURCE)\Mod\Part\Gui\ui_DlgPartCylinder.h" />
    <ClInclude Include="$(FC_SOURCE)\Mod\Part\Gui\ui_DlgPartImportIges.h" />
    <ClInclude Include="$(FC_SOURCE)\Mod\Part\Gui\ui_DlgPartImportStep.h" />
    <ClInclude Include="$(FC_SOURCE)\Mod\Part\Gui\ui_DlgPrimitives.h" />
    <ClInclude Include="$(FC_SOURCE)\Mod\Part\Gui\ui_Location.h" />
    <ClInclude Include="$(FC_SOURCE)\Mod\Part\Gui\ui_DlgRevolution.h" />
    <ClInclude Include="$(FC_SOURCE)\Mod\Part\Gui\ui_DlgSettings3DViewPart.h" />
    <ClInclude Include="$(FC_SOURCE)\Mod\Part\Gui\ui_DlgSettingsGeneral.h" />
    <ClInclude Include="$(FC_SOURCE)\Mod\Part\Gui\ui_DlgSettingsObjectColor.h" />
    <ClInclude Include="$(FC_SOURCE)\Mod\Part\Gui\ui_TaskFaceColors.h" />
    <ClInclude Include="$(FC_SOURCE)\Mod\Part\Gui\ui_TaskShapeBuilder.h" />
    <ClInclude Include="$(FC_SOURCE)\Mod\Part\Gui\ui_TaskLoft.h" />
    <ClInclude Include="$(FC_SOURCE)\Mod\Part\Gui\ui_TaskOffset.h" />
    <ClInclude Include="$(FC_SOURCE)\Mod\Part\Gui\ui_TaskSweep.h" />
    <ClInclude Include="$(FC_SOURCE)\Mod\Part\Gui\PreCompiled.h" />
    <ClInclude Include="$(FC_SOURCE)\Mod\Part\Gui\SoFCShapeObject.h" />
    <ClInclude Include="$(FC_SOURCE)\Mod\Part\Gui\SoBrepEdgeSet.h" />
    <ClInclude Include="$(FC_SOURCE)\Mod\Part\Gui\SoBrepFaceSet.h" />
    <ClInclude Include="$(FC_SOURCE)\Mod\Part\Gui\SoBrepPointSet.h" />
    <ClInclude Include="$(FC_SOURCE)\Mod\Part\Gui\ViewProvider.h" />
    <ClInclude Include="$(FC_SOURCE)\Mod\Part\Gui\ViewProviderExt.h" />
    <ClInclude Include="$(FC_SOURCE)\Mod\Part\Gui\ViewProviderReference.h" />
    <ClInclude Include="$(FC_SOURCE)\Mod\Part\Gui\ViewProviderBox.h" />
    <ClInclude Include="$(FC_SOURCE)\Mod\Part\Gui\ViewProviderCompound.h" />
    <ClInclude Include="$(FC_SOURCE)\Mod\Part\Gui\ViewProviderCircleParametric.h" />
    <ClInclude Include="$(FC_SOURCE)\Mod\Part\Gui\ViewProviderLineParametric.h" />
    <ClInclude Include="$(FC_SOURCE)\Mod\Part\Gui\ViewProviderPointParametric.h" />
    <ClInclude Include="$(FC_SOURCE)\Mod\Part\Gui\ViewProviderEllipseParametric.h" />
    <ClInclude Include="$(FC_SOURCE)\Mod\Part\Gui\ViewProviderHelixParametric.h" />
    <ClInclude Include="$(FC_SOURCE)\Mod\Part\Gui\ViewProviderPlaneParametric.h" />
    <ClInclude Include="$(FC_SOURCE)\Mod\Part\Gui\ViewProviderSphereParametric.h" />
    <ClInclude Include="$(FC_SOURCE)\Mod\Part\Gui\ViewProviderCylinderParametric.h" />
    <ClInclude Include="$(FC_SOURCE)\Mod\Part\Gui\ViewProviderConeParametric.h" />
    <ClInclude Include="$(FC_SOURCE)\Mod\Part\Gui\ViewProviderPrism.h" />
    <ClInclude Include="$(FC_SOURCE)\Mod\Part\Gui\ViewProviderRegularPolygon.h" />
    <ClInclude Include="$(FC_SOURCE)\Mod\Part\Gui\ViewProviderTorusParametric.h" />
    <ClInclude Include="$(FC_SOURCE)\Mod\Part\Gui\ViewProviderCurveNet.h" />
    <ClInclude Include="$(FC_SOURCE)\Mod\Part\Gui\ViewProviderSpline.h" />
    <ClInclude Include="$(FC_SOURCE)\Mod\Part\Gui\ViewProviderImport.h" />
    <ClInclude Include="$(FC_SOURCE)\Mod\Part\Gui\ViewProviderExtrusion.h" />
    <ClInclude Include="$(FC_SOURCE)\Mod\Part\Gui\ViewProvider2DObject.h" />
    <ClInclude Include="$(FC_SOURCE)\Mod\Part\Gui\ViewProviderMirror.h" />
    <ClInclude Include="$(FC_SOURCE)\Mod\Part\Gui\ViewProviderPython.h" />
    <ClInclude Include="$(FC_SOURCE)\Mod\Part\Gui\ViewProviderBoolean.h" />
    <ClInclude Include="$(FC_SOURCE)\Mod\Part\Gui\ViewProviderRuledSurface.h" />
    <ClInclude Include="$(FC_SOURCE)\Mod\Part\Gui\Workbench.h" />
  </ItemGroup>
  <ItemGroup>
    <CustomBuild Include="$(FC_SOURCE)\Mod\Part\Gui\CrossSections.h" />
    <CustomBuild Include="$(FC_SOURCE)\Mod\Part\Gui\CrossSections.ui" />
    <CustomBuild Include="$(FC_SOURCE)\Mod\Part\Gui\Mirroring.h" />
    <CustomBuild Include="$(FC_SOURCE)\Mod\Part\Gui\Mirroring.ui" />
    <CustomBuild Include="$(FC_SOURCE)\Mod\Part\Gui\DlgBooleanOperation.h" />
    <CustomBuild Include="$(FC_SOURCE)\Mod\Part\Gui\DlgBooleanOperation.ui" />
    <CustomBuild Include="$(FC_SOURCE)\Mod\Part\Gui\DlgExtrusion.h" />
    <CustomBuild Include="$(FC_SOURCE)\Mod\Part\Gui\DlgExtrusion.ui" />
    <CustomBuild Include="$(FC_SOURCE)\Mod\Part\Gui\DlgFilletEdges.h" />
    <CustomBuild Include="$(FC_SOURCE)\Mod\Part\Gui\DlgFilletEdges.ui" />
    <CustomBuild Include="$(FC_SOURCE)\Mod\Part\Gui\DlgImportExportIges.ui" />
    <CustomBuild Include="$(FC_SOURCE)\Mod\Part\Gui\DlgImportExportStep.ui" />
    <CustomBuild Include="$(FC_SOURCE)\Mod\Part\Gui\DlgPartBox.ui" />
    <CustomBuild Include="$(FC_SOURCE)\Mod\Part\Gui\DlgPartBoxImp.h" />
    <CustomBuild Include="$(FC_SOURCE)\Mod\Part\Gui\DlgPartCylinderImp.h" />
    <CustomBuild Include="$(FC_SOURCE)\Mod\Part\Gui\DlgPartCylinder.ui" />
    <CustomBuild Include="$(FC_SOURCE)\Mod\Part\Gui\DlgPartImportIges.ui" />
    <CustomBuild Include="$(FC_SOURCE)\Mod\Part\Gui\DlgPartImportIgesImp.h" />
    <CustomBuild Include="$(FC_SOURCE)\Mod\Part\Gui\DlgPartImportStep.ui" />
    <CustomBuild Include="$(FC_SOURCE)\Mod\Part\Gui\DlgPartImportStepImp.h" />
    <CustomBuild Include="$(FC_SOURCE)\Mod\Part\Gui\DlgPrimitives.h" />
    <CustomBuild Include="$(FC_SOURCE)\Mod\Part\Gui\DlgPrimitives.ui" />
    <CustomBuild Include="$(FC_SOURCE)\Mod\Part\Gui\Location.ui" />
    <CustomBuild Include="$(FC_SOURCE)\Mod\Part\Gui\DlgRevolution.h" />
    <CustomBuild Include="$(FC_SOURCE)\Mod\Part\Gui\DlgRevolution.ui" />
    <CustomBuild Include="$(FC_SOURCE)\Mod\Part\Gui\DlgSettings3DViewPart.ui" />
    <CustomBuild Include="$(FC_SOURCE)\Mod\Part\Gui\DlgSettings3DViewPartImp.h" />
    <CustomBuild Include="$(FC_SOURCE)\Mod\Part\Gui\DlgSettingsGeneral.h" />
    <CustomBuild Include="$(FC_SOURCE)\Mod\Part\Gui\DlgSettingsGeneral.ui" />
    <CustomBuild Include="$(FC_SOURCE)\Mod\Part\Gui\DlgSettingsObjectColor.h" />
    <CustomBuild Include="$(FC_SOURCE)\Mod\Part\Gui\DlgSettingsObjectColor.ui" />
    <CustomBuild Include="$(FC_SOURCE)\Mod\Part\Gui\Resources\Part.qrc" />
    <CustomBuild Include="$(FC_SOURCE)\Mod\Part\Gui\TaskFaceColors.h" />
    <CustomBuild Include="$(FC_SOURCE)\Mod\Part\Gui\TaskFaceColors.ui" />
    <CustomBuild Include="$(FC_SOURCE)\Mod\Part\Gui\TaskShapeBuilder.h" />
    <CustomBuild Include="$(FC_SOURCE)\Mod\Part\Gui\TaskShapeBuilder.ui" />
    <CustomBuild Include="$(FC_SOURCE)\Mod\Part\Gui\TaskLoft.h" />
    <CustomBuild Include="$(FC_SOURCE)\Mod\Part\Gui\TaskLoft.ui" />
    <CustomBuild Include="$(FC_SOURCE)\Mod\Part\Gui\TaskOffset.h" />
    <CustomBuild Include="$(FC_SOURCE)\Mod\Part\Gui\TaskOffset.ui" />
    <CustomBuild Include="$(FC_SOURCE)\Mod\Part\Gui\TaskSweep.h" />
    <CustomBuild Include="$(FC_SOURCE)\Mod\Part\Gui\TaskSweep.ui" />
    <CustomBuild Include="$(FC_SOURCE)\Mod\Part\Gui\TaskThickness.h" />
    <CustomBuild Include="$(FC_SOURCE)\Mod\Part\Gui\TaskDimension.h" />
    <CustomBuild Include="$(FC_SOURCE)\Mod\Part\Gui\TaskCheckGeometry.h" />
  </ItemGroup>
  <ItemGroup>
    <Filter Include="Source Files">
      <UniqueIdentifier>{BD35BF06-C8E8-3366-910F-4955129FFCAC}</UniqueIdentifier>
    </Filter>
    <Filter Include="Header Files">
      <UniqueIdentifier>{4129A801-9AD2-3DA1-A809-5BC032DABCC2}</UniqueIdentifier>
    </Filter>
    <Filter Include="CMake Rules">
      <UniqueIdentifier>{5124C73C-630B-3F59-9DFC-D2C200992F06}</UniqueIdentifier>
    </Filter>
  </ItemGroup>
</Project>