<?xml version="1.0" encoding="utf-8"?>
<Project ToolsVersion="12.0" xmlns="http://schemas.microsoft.com/developer/msbuild/2003">
  <ItemGroup>
    <ClCompile Include="$(FC_SOURCE)\Mod\Test\Gui\UnitTestImp.cpp" />
    <ClCompile Include="$(FC_SOURCE)\Mod\Test\Gui\UnitTestPy.cpp" />
    <ClCompile Include="$(FC_SOURCE)\Mod\Test\Gui\qrc_Test.cxx" />
    <ClCompile Include="$(FC_SOURCE)\Mod\Test\Gui\AppTestGui.cpp" />
    <ClCompile Include="$(FC_SOURCE)\Mod\Test\Gui\PreCompiled.cpp" />
  </ItemGroup>
  <ItemGroup>
    <ClInclude Include="$(FC_SOURCE)\Mod\Test\Gui\ui_UnitTest.h" />
    <ClInclude Include="$(FC_SOURCE)\Mod\Test\Gui\UnitTestPy.h" />
    <ClInclude Include="$(FC_SOURCE)\Mod\Test\Gui\PreCompiled.h" />
  </ItemGroup>
  <ItemGroup>
    <CustomBuild Include="$(FC_SOURCE)\Mod\Test\Gui\UnitTest.ui" />
    <CustomBuild Include="$(FC_SOURCE)\Mod\Test\Gui\UnitTestImp.h" />
    <CustomBuild Include="$(FC_SOURCE)\Mod\Test\Gui\Resources\Test.qrc" />
    <CustomBuild Include="\code\free-cad-code\Source\Repos\code\CMakeFiles\09c7a0b6066627013243792eb22927cc\qtunittest.py.rule" />
  </ItemGroup>
  <ItemGroup>
    <Filter Include="Source Files">
      <UniqueIdentifier>{BD35BF06-C8E8-3366-910F-4955129FFCAC}</UniqueIdentifier>
    </Filter>
    <Filter Include="Header Files">
      <UniqueIdentifier>{4129A801-9AD2-3DA1-A809-5BC032DABCC2}</UniqueIdentifier>
    </Filter>
    <Filter Include="CMake Rules">
      <UniqueIdentifier>{5124C73C-630B-3F59-9DFC-D2C200992F06}</UniqueIdentifier>
    </Filter>
    <Filter Include="Dialogs">
      <UniqueIdentifier>{6A330087-959C-3F3A-AEF3-71AD202B9000}</UniqueIdentifier>
    </Filter>
    <Filter Include="Resource">
      <UniqueIdentifier>{0328B962-5D65-3B13-A9F0-F84103A543D7}</UniqueIdentifier>
    </Filter>
  </ItemGroup>
</Project>