<?xml version="1.0" encoding="utf-8"?>
<Project ToolsVersion="12.0" xmlns="http://schemas.microsoft.com/developer/msbuild/2003">
  <ItemGroup>
    <ClCompile Include="$(FC_SOURCE)\Mod\Import\Gui\AppImportGui.cpp">
      <Filter>Source Files</Filter>
    </ClCompile>
    <ClCompile Include="$(FC_SOURCE)\Mod\Import\Gui\Workbench.cpp">
      <Filter>Source Files</Filter>
    </ClCompile>
    <ClCompile Include="$(FC_SOURCE)\Mod\Import\Gui\AppImportGuiPy.cpp">
      <Filter>Source Files</Filter>
    </ClCompile>
    <ClCompile Include="$(FC_SOURCE)\Mod\Import\Gui\Command.cpp">
      <Filter>Source Files</Filter>
    </ClCompile>
    <ClCompile Include="$(FC_SOURCE)\Mod\Import\Gui\PreCompiled.cpp">
      <Filter>Source Files</Filter>
    </ClCompile>
  </ItemGroup>
  <ItemGroup>
    <ClInclude Include="$(FC_SOURCE)\Mod\Import\Gui\Workbench.h">
      <Filter>Header Files</Filter>
    </ClInclude>
    <ClInclude Include="$(FC_SOURCE)\Mod\Import\Gui\PreCompiled.h">
      <Filter>Header Files</Filter>
    </ClInclude>
  </ItemGroup>
  <ItemGroup>
    <Filter Include="Source Files">
      <UniqueIdentifier>{BD35BF06-C8E8-3366-910F-4955129FFCAC}</UniqueIdentifier>
    </Filter>
    <Filter Include="Header Files">
      <UniqueIdentifier>{4129A801-9AD2-3DA1-A809-5BC032DABCC2}</UniqueIdentifier>
    </Filter>
    <Filter Include="CMake Rules">
      <UniqueIdentifier>{5124C73C-630B-3F59-9DFC-D2C200992F06}</UniqueIdentifier>
    </Filter>
  </ItemGroup>
</Project>